
Microsoft Visual Studio Solution File, Format Version 12.00
# Visual Studio 15
VisualStudioVersion = 15.0.27130.2010
MinimumVisualStudioVersion = 10.0.40219.1
Project("{9A19103F-16F7-4668-BE54-9A1E7A4F7556}") = "DatingApp.API", "DatingApp.API.csproj", "{C0B3C0E0-A373-48C9-9A2F-6E074E41C0C5}"
EndProject
Global
	GlobalSection(SolutionConfigurationPlatforms) = preSolution
		Debug|Any CPU = Debug|Any CPU
		Release|Any CPU = Release|Any CPU
	EndGlobalSection
	GlobalSection(ProjectConfigurationPlatforms) = postSolution
		{C0B3C0E0-A373-48C9-9A2F-6E074E41C0C5}.Debug|Any CPU.ActiveCfg = Debug|Any CPU
		{C0B3C0E0-A373-48C9-9A2F-6E074E41C0C5}.Debug|Any CPU.Build.0 = Debug|Any CPU
		{C0B3C0E0-A373-48C9-9A2F-6E074E41C0C5}.Release|Any CPU.ActiveCfg = Release|Any CPU
		{C0B3C0E0-A373-48C9-9A2F-6E074E41C0C5}.Release|Any CPU.Build.0 = Release|Any CPU
	EndGlobalSection
	GlobalSection(SolutionProperties) = preSolution
		HideSolutionNode = FALSE
	EndGlobalSection
	GlobalSection(ExtensibilityGlobals) = postSolution
		SolutionGuid = {EC23267D-3950-4360-9B95-B76DB4084C4E}
	EndGlobalSection
EndGlobal
